// !$*UTF8*$!
{
	archiveVersion = 1;
	classes = {
	};
	objectVersion = 56;
	objects = {

/* Begin PBXBuildFile section */
		8F1023122A8E43CF006C19AD /* MovieService.swift in Sources */ = {isa = PBXBuildFile; fileRef = 8F1023112A8E43CF006C19AD /* MovieService.swift */; };
		8F492BFF2A9239870075992D /* Movie.swift in Sources */ = {isa = PBXBuildFile; fileRef = 8F492BFE2A9239870075992D /* Movie.swift */; };
		8F4C5E352A810E5900F10698 /* Lottie in Frameworks */ = {isa = PBXBuildFile; productRef = 8F4C5E342A810E5900F10698 /* Lottie */; };
		8F4C5E372A810F0D00F10698 /* animation_netflix.json in Resources */ = {isa = PBXBuildFile; fileRef = 8F4C5E362A810F0D00F10698 /* animation_netflix.json */; };
		8F50E7332A80A06800DA6DCD /* AppDelegate.swift in Sources */ = {isa = PBXBuildFile; fileRef = 8F50E7322A80A06800DA6DCD /* AppDelegate.swift */; };
		8F50E7352A80A06800DA6DCD /* SceneDelegate.swift in Sources */ = {isa = PBXBuildFile; fileRef = 8F50E7342A80A06800DA6DCD /* SceneDelegate.swift */; };
		8F50E7372A80A06800DA6DCD /* HomeViewController.swift in Sources */ = {isa = PBXBuildFile; fileRef = 8F50E7362A80A06800DA6DCD /* HomeViewController.swift */; };
		8F50E73C2A80A06A00DA6DCD /* Assets.xcassets in Resources */ = {isa = PBXBuildFile; fileRef = 8F50E73B2A80A06A00DA6DCD /* Assets.xcassets */; };
		8F50E73F2A80A06A00DA6DCD /* LaunchScreen.storyboard in Resources */ = {isa = PBXBuildFile; fileRef = 8F50E73D2A80A06A00DA6DCD /* LaunchScreen.storyboard */; };
		8FB25C102A850B0A0059921B /* MainTabBarViewController.swift in Sources */ = {isa = PBXBuildFile; fileRef = 8FB25C0F2A850B0A0059921B /* MainTabBarViewController.swift */; };
		8FB25C132A850BC60059921B /* SearchViewController.swift in Sources */ = {isa = PBXBuildFile; fileRef = 8FB25C122A850BC60059921B /* SearchViewController.swift */; };
		8FB25C152A850BD10059921B /* DownloadViewController.swift in Sources */ = {isa = PBXBuildFile; fileRef = 8FB25C142A850BD10059921B /* DownloadViewController.swift */; };
		8FB25C172A850BE00059921B /* UpcomingViewController.swift in Sources */ = {isa = PBXBuildFile; fileRef = 8FB25C162A850BE00059921B /* UpcomingViewController.swift */; };
		8FB25C1A2A850CB10059921B /* MoreViewController.swift in Sources */ = {isa = PBXBuildFile; fileRef = 8FB25C192A850CB10059921B /* MoreViewController.swift */; };
		8FB25C1D2A8513AB0059921B /* AnimationLaunchScreenView.swift in Sources */ = {isa = PBXBuildFile; fileRef = 8FB25C1C2A8513AB0059921B /* AnimationLaunchScreenView.swift */; };
		8FB25C212A853DCA0059921B /* CacheManager.swift in Sources */ = {isa = PBXBuildFile; fileRef = 8FB25C202A853DCA0059921B /* CacheManager.swift */; };
		8FB25C262A85DC360059921B /* HeaderCell.swift in Sources */ = {isa = PBXBuildFile; fileRef = 8FB25C252A85DC360059921B /* HeaderCell.swift */; };
		8FB25C2A2A868BE70059921B /* MovieModel.swift in Sources */ = {isa = PBXBuildFile; fileRef = 8FB25C292A868BE70059921B /* MovieModel.swift */; };
		8FB8E8762A8361BB00DB0D79 /* MovieCell.swift in Sources */ = {isa = PBXBuildFile; fileRef = 8FB8E8752A8361BB00DB0D79 /* MovieCell.swift */; };
		8FEF2A362A8CA06B00BB8C22 /* SectionHeaderView.swift in Sources */ = {isa = PBXBuildFile; fileRef = 8FEF2A352A8CA06B00BB8C22 /* SectionHeaderView.swift */; };
/* End PBXBuildFile section */

/* Begin PBXFileReference section */
		8F1023112A8E43CF006C19AD /* MovieService.swift */ = {isa = PBXFileReference; lastKnownFileType = sourcecode.swift; path = MovieService.swift; sourceTree = "<group>"; };
		8F492BFE2A9239870075992D /* Movie.swift */ = {isa = PBXFileReference; lastKnownFileType = sourcecode.swift; path = Movie.swift; sourceTree = "<group>"; };
		8F4C5E362A810F0D00F10698 /* animation_netflix.json */ = {isa = PBXFileReference; fileEncoding = 4; lastKnownFileType = text.json; path = animation_netflix.json; sourceTree = "<group>"; };
		8F50E72F2A80A06800DA6DCD /* Netflix.app */ = {isa = PBXFileReference; explicitFileType = wrapper.application; includeInIndex = 0; path = Netflix.app; sourceTree = BUILT_PRODUCTS_DIR; };
		8F50E7322A80A06800DA6DCD /* AppDelegate.swift */ = {isa = PBXFileReference; lastKnownFileType = sourcecode.swift; path = AppDelegate.swift; sourceTree = "<group>"; };
		8F50E7342A80A06800DA6DCD /* SceneDelegate.swift */ = {isa = PBXFileReference; lastKnownFileType = sourcecode.swift; path = SceneDelegate.swift; sourceTree = "<group>"; };
		8F50E7362A80A06800DA6DCD /* HomeViewController.swift */ = {isa = PBXFileReference; lastKnownFileType = sourcecode.swift; path = HomeViewController.swift; sourceTree = "<group>"; };
		8F50E73B2A80A06A00DA6DCD /* Assets.xcassets */ = {isa = PBXFileReference; lastKnownFileType = folder.assetcatalog; path = Assets.xcassets; sourceTree = "<group>"; };
		8F50E73E2A80A06A00DA6DCD /* Base */ = {isa = PBXFileReference; lastKnownFileType = file.storyboard; name = Base; path = Base.lproj/LaunchScreen.storyboard; sourceTree = "<group>"; };
		8F50E7402A80A06A00DA6DCD /* Info.plist */ = {isa = PBXFileReference; lastKnownFileType = text.plist.xml; path = Info.plist; sourceTree = "<group>"; };
		8FB25C0F2A850B0A0059921B /* MainTabBarViewController.swift */ = {isa = PBXFileReference; lastKnownFileType = sourcecode.swift; path = MainTabBarViewController.swift; sourceTree = "<group>"; };
		8FB25C122A850BC60059921B /* SearchViewController.swift */ = {isa = PBXFileReference; lastKnownFileType = sourcecode.swift; path = SearchViewController.swift; sourceTree = "<group>"; };
		8FB25C142A850BD10059921B /* DownloadViewController.swift */ = {isa = PBXFileReference; lastKnownFileType = sourcecode.swift; path = DownloadViewController.swift; sourceTree = "<group>"; };
		8FB25C162A850BE00059921B /* UpcomingViewController.swift */ = {isa = PBXFileReference; lastKnownFileType = sourcecode.swift; path = UpcomingViewController.swift; sourceTree = "<group>"; };
		8FB25C192A850CB10059921B /* MoreViewController.swift */ = {isa = PBXFileReference; lastKnownFileType = sourcecode.swift; path = MoreViewController.swift; sourceTree = "<group>"; };
		8FB25C1C2A8513AB0059921B /* AnimationLaunchScreenView.swift */ = {isa = PBXFileReference; lastKnownFileType = sourcecode.swift; path = AnimationLaunchScreenView.swift; sourceTree = "<group>"; };
		8FB25C202A853DCA0059921B /* CacheManager.swift */ = {isa = PBXFileReference; lastKnownFileType = sourcecode.swift; path = CacheManager.swift; sourceTree = "<group>"; };
		8FB25C252A85DC360059921B /* HeaderCell.swift */ = {isa = PBXFileReference; lastKnownFileType = sourcecode.swift; path = HeaderCell.swift; sourceTree = "<group>"; };
		8FB25C292A868BE70059921B /* MovieModel.swift */ = {isa = PBXFileReference; lastKnownFileType = sourcecode.swift; path = MovieModel.swift; sourceTree = "<group>"; };
		8FB8E8752A8361BB00DB0D79 /* MovieCell.swift */ = {isa = PBXFileReference; lastKnownFileType = sourcecode.swift; path = MovieCell.swift; sourceTree = "<group>"; };
		8FEF2A352A8CA06B00BB8C22 /* SectionHeaderView.swift */ = {isa = PBXFileReference; lastKnownFileType = sourcecode.swift; path = SectionHeaderView.swift; sourceTree = "<group>"; };
/* End PBXFileReference section */

/* Begin PBXFrameworksBuildPhase section */
		8F50E72C2A80A06800DA6DCD /* Frameworks */ = {
			isa = PBXFrameworksBuildPhase;
			buildActionMask = 2147483647;
			files = (
				8F4C5E352A810E5900F10698 /* Lottie in Frameworks */,
			);
			runOnlyForDeploymentPostprocessing = 0;
		};
/* End PBXFrameworksBuildPhase section */

/* Begin PBXGroup section */
		8F1023102A8E4368006C19AD /* Services */ = {
			isa = PBXGroup;
			children = (
				8F1023112A8E43CF006C19AD /* MovieService.swift */,
			);
			path = Services;
			sourceTree = "<group>";
		};
		8F50E7262A80A06800DA6DCD = {
			isa = PBXGroup;
			children = (
				8F50E7312A80A06800DA6DCD /* Netflix */,
				8F50E7302A80A06800DA6DCD /* Products */,
			);
			sourceTree = "<group>";
		};
		8F50E7302A80A06800DA6DCD /* Products */ = {
			isa = PBXGroup;
			children = (
				8F50E72F2A80A06800DA6DCD /* Netflix.app */,
			);
			name = Products;
			sourceTree = "<group>";
		};
		8F50E7312A80A06800DA6DCD /* Netflix */ = {
			isa = PBXGroup;
			children = (
				8F50E7472A80A25700DA6DCD /* Sources */,
				8F50E7462A80A23600DA6DCD /* Resources */,
			);
			path = Netflix;
			sourceTree = "<group>";
		};
		8F50E7462A80A23600DA6DCD /* Resources */ = {
			isa = PBXGroup;
			children = (
				8F4C5E362A810F0D00F10698 /* animation_netflix.json */,
				8F50E73B2A80A06A00DA6DCD /* Assets.xcassets */,
				8F50E7402A80A06A00DA6DCD /* Info.plist */,
				8F50E73D2A80A06A00DA6DCD /* LaunchScreen.storyboard */,
			);
			path = Resources;
			sourceTree = "<group>";
		};
		8F50E7472A80A25700DA6DCD /* Sources */ = {
			isa = PBXGroup;
			children = (
				8FB25C0F2A850B0A0059921B /* MainTabBarViewController.swift */,
				8F1023102A8E4368006C19AD /* Services */,
				8FB25C232A85CCEA0059921B /* Models */,
				8FB25C222A8540610059921B /* Managers */,
				8FB25C112A850BB00059921B /* Controllers */,
				8FB25C1B2A8513910059921B /* Views */,
				8FB25C242A85CD380059921B /* Cells */,
				8F50E7482A80A26000DA6DCD /* Applications */,
			);
			path = Sources;
			sourceTree = "<group>";
		};
		8F50E7482A80A26000DA6DCD /* Applications */ = {
			isa = PBXGroup;
			children = (
				8F50E7322A80A06800DA6DCD /* AppDelegate.swift */,
				8F50E7342A80A06800DA6DCD /* SceneDelegate.swift */,
			);
			path = Applications;
			sourceTree = "<group>";
		};
		8FB25C112A850BB00059921B /* Controllers */ = {
			isa = PBXGroup;
			children = (
				8F50E7362A80A06800DA6DCD /* HomeViewController.swift */,
				8FB25C122A850BC60059921B /* SearchViewController.swift */,
				8FB25C142A850BD10059921B /* DownloadViewController.swift */,
				8FB25C162A850BE00059921B /* UpcomingViewController.swift */,
				8FB25C192A850CB10059921B /* MoreViewController.swift */,
			);
			path = Controllers;
			sourceTree = "<group>";
		};
		8FB25C1B2A8513910059921B /* Views */ = {
			isa = PBXGroup;
			children = (
				8FB25C1C2A8513AB0059921B /* AnimationLaunchScreenView.swift */,
			);
			path = Views;
			sourceTree = "<group>";
		};
		8FB25C222A8540610059921B /* Managers */ = {
			isa = PBXGroup;
			children = (
				8FB25C202A853DCA0059921B /* CacheManager.swift */,
			);
			path = Managers;
			sourceTree = "<group>";
		};
		8FB25C232A85CCEA0059921B /* Models */ = {
			isa = PBXGroup;
			children = (
				8FB25C292A868BE70059921B /* MovieModel.swift */,
				8F492BFE2A9239870075992D /* Movie.swift */,
			);
			path = Models;
			sourceTree = "<group>";
		};
		8FB25C242A85CD380059921B /* Cells */ = {
			isa = PBXGroup;
			children = (
				8FB8E8752A8361BB00DB0D79 /* MovieCell.swift */,
				8FB25C252A85DC360059921B /* HeaderCell.swift */,
				8FEF2A352A8CA06B00BB8C22 /* SectionHeaderView.swift */,
			);
			path = Cells;
			sourceTree = "<group>";
		};
/* End PBXGroup section */

/* Begin PBXNativeTarget section */
		8F50E72E2A80A06800DA6DCD /* Netflix */ = {
			isa = PBXNativeTarget;
			buildConfigurationList = 8F50E7432A80A06A00DA6DCD /* Build configuration list for PBXNativeTarget "Netflix" */;
			buildPhases = (
				8F50E72B2A80A06800DA6DCD /* Sources */,
				8F50E72C2A80A06800DA6DCD /* Frameworks */,
				8F50E72D2A80A06800DA6DCD /* Resources */,
			);
			buildRules = (
			);
			dependencies = (
			);
			name = Netflix;
			packageProductDependencies = (
				8F4C5E342A810E5900F10698 /* Lottie */,
			);
			productName = Netflix;
			productReference = 8F50E72F2A80A06800DA6DCD /* Netflix.app */;
			productType = "com.apple.product-type.application";
		};
/* End PBXNativeTarget section */

/* Begin PBXProject section */
		8F50E7272A80A06800DA6DCD /* Project object */ = {
			isa = PBXProject;
			attributes = {
				BuildIndependentTargetsInParallel = 1;
				LastSwiftUpdateCheck = 1430;
				LastUpgradeCheck = 1430;
				TargetAttributes = {
					8F50E72E2A80A06800DA6DCD = {
						CreatedOnToolsVersion = 14.3.1;
					};
				};
			};
			buildConfigurationList = 8F50E72A2A80A06800DA6DCD /* Build configuration list for PBXProject "Netflix" */;
			compatibilityVersion = "Xcode 14.0";
			developmentRegion = en;
			hasScannedForEncodings = 0;
			knownRegions = (
				en,
				Base,
			);
			mainGroup = 8F50E7262A80A06800DA6DCD;
			packageReferences = (
				8F4C5E332A810E5900F10698 /* XCRemoteSwiftPackageReference "lottie-ios" */,
			);
			productRefGroup = 8F50E7302A80A06800DA6DCD /* Products */;
			projectDirPath = "";
			projectRoot = "";
			targets = (
				8F50E72E2A80A06800DA6DCD /* Netflix */,
			);
		};
/* End PBXProject section */

/* Begin PBXResourcesBuildPhase section */
		8F50E72D2A80A06800DA6DCD /* Resources */ = {
			isa = PBXResourcesBuildPhase;
			buildActionMask = 2147483647;
			files = (
				8F50E73F2A80A06A00DA6DCD /* LaunchScreen.storyboard in Resources */,
				8F4C5E372A810F0D00F10698 /* animation_netflix.json in Resources */,
				8F50E73C2A80A06A00DA6DCD /* Assets.xcassets in Resources */,
			);
			runOnlyForDeploymentPostprocessing = 0;
		};
/* End PBXResourcesBuildPhase section */

/* Begin PBXSourcesBuildPhase section */
		8F50E72B2A80A06800DA6DCD /* Sources */ = {
			isa = PBXSourcesBuildPhase;
			buildActionMask = 2147483647;
			files = (
				8FB25C2A2A868BE70059921B /* MovieModel.swift in Sources */,
				8FB25C1D2A8513AB0059921B /* AnimationLaunchScreenView.swift in Sources */,
				8FB25C1A2A850CB10059921B /* MoreViewController.swift in Sources */,
				8FB25C172A850BE00059921B /* UpcomingViewController.swift in Sources */,
				8FB25C262A85DC360059921B /* HeaderCell.swift in Sources */,
				8FB25C212A853DCA0059921B /* CacheManager.swift in Sources */,
				8F492BFF2A9239870075992D /* Movie.swift in Sources */,
				8F1023122A8E43CF006C19AD /* MovieService.swift in Sources */,
				8FB25C132A850BC60059921B /* SearchViewController.swift in Sources */,
				8FB25C102A850B0A0059921B /* MainTabBarViewController.swift in Sources */,
				8FB25C152A850BD10059921B /* DownloadViewController.swift in Sources */,
				8F50E7372A80A06800DA6DCD /* HomeViewController.swift in Sources */,
				8F50E7332A80A06800DA6DCD /* AppDelegate.swift in Sources */,
				8FB8E8762A8361BB00DB0D79 /* MovieCell.swift in Sources */,
				8F50E7352A80A06800DA6DCD /* SceneDelegate.swift in Sources */,
				8FEF2A362A8CA06B00BB8C22 /* SectionHeaderView.swift in Sources */,
			);
			runOnlyForDeploymentPostprocessing = 0;
		};
/* End PBXSourcesBuildPhase section */

/* Begin PBXVariantGroup section */
		8F50E73D2A80A06A00DA6DCD /* LaunchScreen.storyboard */ = {
			isa = PBXVariantGroup;
			children = (
				8F50E73E2A80A06A00DA6DCD /* Base */,
			);
			name = LaunchScreen.storyboard;
			sourceTree = "<group>";
		};
/* End PBXVariantGroup section */

/* Begin XCBuildConfiguration section */
		8F50E7412A80A06A00DA6DCD /* Debug */ = {
			isa = XCBuildConfiguration;
			buildSettings = {
				ALWAYS_SEARCH_USER_PATHS = NO;
				CLANG_ANALYZER_NONNULL = YES;
				CLANG_ANALYZER_NUMBER_OBJECT_CONVERSION = YES_AGGRESSIVE;
				CLANG_CXX_LANGUAGE_STANDARD = "gnu++20";
				CLANG_ENABLE_MODULES = YES;
				CLANG_ENABLE_OBJC_ARC = YES;
				CLANG_ENABLE_OBJC_WEAK = YES;
				CLANG_WARN_BLOCK_CAPTURE_AUTORELEASING = YES;
				CLANG_WARN_BOOL_CONVERSION = YES;
				CLANG_WARN_COMMA = YES;
				CLANG_WARN_CONSTANT_CONVERSION = YES;
				CLANG_WARN_DEPRECATED_OBJC_IMPLEMENTATIONS = YES;
				CLANG_WARN_DIRECT_OBJC_ISA_USAGE = YES_ERROR;
				CLANG_WARN_DOCUMENTATION_COMMENTS = YES;
				CLANG_WARN_EMPTY_BODY = YES;
				CLANG_WARN_ENUM_CONVERSION = YES;
				CLANG_WARN_INFINITE_RECURSION = YES;
				CLANG_WARN_INT_CONVERSION = YES;
				CLANG_WARN_NON_LITERAL_NULL_CONVERSION = YES;
				CLANG_WARN_OBJC_IMPLICIT_RETAIN_SELF = YES;
				CLANG_WARN_OBJC_LITERAL_CONVERSION = YES;
				CLANG_WARN_OBJC_ROOT_CLASS = YES_ERROR;
				CLANG_WARN_QUOTED_INCLUDE_IN_FRAMEWORK_HEADER = YES;
				CLANG_WARN_RANGE_LOOP_ANALYSIS = YES;
				CLANG_WARN_STRICT_PROTOTYPES = YES;
				CLANG_WARN_SUSPICIOUS_MOVE = YES;
				CLANG_WARN_UNGUARDED_AVAILABILITY = YES_AGGRESSIVE;
				CLANG_WARN_UNREACHABLE_CODE = YES;
				CLANG_WARN__DUPLICATE_METHOD_MATCH = YES;
				COPY_PHASE_STRIP = NO;
				DEBUG_INFORMATION_FORMAT = dwarf;
				ENABLE_STRICT_OBJC_MSGSEND = YES;
				ENABLE_TESTABILITY = YES;
				GCC_C_LANGUAGE_STANDARD = gnu11;
				GCC_DYNAMIC_NO_PIC = NO;
				GCC_NO_COMMON_BLOCKS = YES;
				GCC_OPTIMIZATION_LEVEL = 0;
				GCC_PREPROCESSOR_DEFINITIONS = (
					"DEBUG=1",
					"$(inherited)",
				);
				GCC_WARN_64_TO_32_BIT_CONVERSION = YES;
				GCC_WARN_ABOUT_RETURN_TYPE = YES_ERROR;
				GCC_WARN_UNDECLARED_SELECTOR = YES;
				GCC_WARN_UNINITIALIZED_AUTOS = YES_AGGRESSIVE;
				GCC_WARN_UNUSED_FUNCTION = YES;
				GCC_WARN_UNUSED_VARIABLE = YES;
				IPHONEOS_DEPLOYMENT_TARGET = 16.4;
				MTL_ENABLE_DEBUG_INFO = INCLUDE_SOURCE;
				MTL_FAST_MATH = YES;
				ONLY_ACTIVE_ARCH = YES;
				SDKROOT = iphoneos;
				SWIFT_ACTIVE_COMPILATION_CONDITIONS = DEBUG;
				SWIFT_OPTIMIZATION_LEVEL = "-Onone";
			};
			name = Debug;
		};
		8F50E7422A80A06A00DA6DCD /* Release */ = {
			isa = XCBuildConfiguration;
			buildSettings = {
				ALWAYS_SEARCH_USER_PATHS = NO;
				CLANG_ANALYZER_NONNULL = YES;
				CLANG_ANALYZER_NUMBER_OBJECT_CONVERSION = YES_AGGRESSIVE;
				CLANG_CXX_LANGUAGE_STANDARD = "gnu++20";
				CLANG_ENABLE_MODULES = YES;
				CLANG_ENABLE_OBJC_ARC = YES;
				CLANG_ENABLE_OBJC_WEAK = YES;
				CLANG_WARN_BLOCK_CAPTURE_AUTORELEASING = YES;
				CLANG_WARN_BOOL_CONVERSION = YES;
				CLANG_WARN_COMMA = YES;
				CLANG_WARN_CONSTANT_CONVERSION = YES;
				CLANG_WARN_DEPRECATED_OBJC_IMPLEMENTATIONS = YES;
				CLANG_WARN_DIRECT_OBJC_ISA_USAGE = YES_ERROR;
				CLANG_WARN_DOCUMENTATION_COMMENTS = YES;
				CLANG_WARN_EMPTY_BODY = YES;
				CLANG_WARN_ENUM_CONVERSION = YES;
				CLANG_WARN_INFINITE_RECURSION = YES;
				CLANG_WARN_INT_CONVERSION = YES;
				CLANG_WARN_NON_LITERAL_NULL_CONVERSION = YES;
				CLANG_WARN_OBJC_IMPLICIT_RETAIN_SELF = YES;
				CLANG_WARN_OBJC_LITERAL_CONVERSION = YES;
				CLANG_WARN_OBJC_ROOT_CLASS = YES_ERROR;
				CLANG_WARN_QUOTED_INCLUDE_IN_FRAMEWORK_HEADER = YES;
				CLANG_WARN_RANGE_LOOP_ANALYSIS = YES;
				CLANG_WARN_STRICT_PROTOTYPES = YES;
				CLANG_WARN_SUSPICIOUS_MOVE = YES;
				CLANG_WARN_UNGUARDED_AVAILABILITY = YES_AGGRESSIVE;
				CLANG_WARN_UNREACHABLE_CODE = YES;
				CLANG_WARN__DUPLICATE_METHOD_MATCH = YES;
				COPY_PHASE_STRIP = NO;
				DEBUG_INFORMATION_FORMAT = "dwarf-with-dsym";
				ENABLE_NS_ASSERTIONS = NO;
				ENABLE_STRICT_OBJC_MSGSEND = YES;
				GCC_C_LANGUAGE_STANDARD = gnu11;
				GCC_NO_COMMON_BLOCKS = YES;
				GCC_WARN_64_TO_32_BIT_CONVERSION = YES;
				GCC_WARN_ABOUT_RETURN_TYPE = YES_ERROR;
				GCC_WARN_UNDECLARED_SELECTOR = YES;
				GCC_WARN_UNINITIALIZED_AUTOS = YES_AGGRESSIVE;
				GCC_WARN_UNUSED_FUNCTION = YES;
				GCC_WARN_UNUSED_VARIABLE = YES;
				IPHONEOS_DEPLOYMENT_TARGET = 16.4;
				MTL_ENABLE_DEBUG_INFO = NO;
				MTL_FAST_MATH = YES;
				SDKROOT = iphoneos;
				SWIFT_COMPILATION_MODE = wholemodule;
				SWIFT_OPTIMIZATION_LEVEL = "-O";
				VALIDATE_PRODUCT = YES;
			};
			name = Release;
		};
		8F50E7442A80A06A00DA6DCD /* Debug */ = {
			isa = XCBuildConfiguration;
			buildSettings = {
				ASSETCATALOG_COMPILER_APPICON_NAME = AppIcon;
				ASSETCATALOG_COMPILER_GLOBAL_ACCENT_COLOR_NAME = AccentColor;
				CODE_SIGN_STYLE = Automatic;
				CURRENT_PROJECT_VERSION = 1;
				DEVELOPMENT_TEAM = 62SDS28JUT;
				GENERATE_INFOPLIST_FILE = YES;
				INFOPLIST_FILE = Netflix/Resources/Info.plist;
				INFOPLIST_KEY_UIApplicationSupportsIndirectInputEvents = YES;
				INFOPLIST_KEY_UILaunchStoryboardName = LaunchScreen;
				INFOPLIST_KEY_UISupportedInterfaceOrientations = UIInterfaceOrientationPortrait;
				IPHONEOS_DEPLOYMENT_TARGET = 16.0;
				LD_RUNPATH_SEARCH_PATHS = (
					"$(inherited)",
					"@executable_path/Frameworks",
				);
				MARKETING_VERSION = 1.0;
				PRODUCT_BUNDLE_IDENTIFIER = com.doyeonjeong.Netflix;
				PRODUCT_NAME = "$(TARGET_NAME)";
				SUPPORTED_PLATFORMS = "iphoneos iphonesimulator";
				SUPPORTS_MACCATALYST = NO;
				SUPPORTS_MAC_DESIGNED_FOR_IPHONE_IPAD = NO;
				SWIFT_EMIT_LOC_STRINGS = YES;
				SWIFT_VERSION = 5.0;
				TARGETED_DEVICE_FAMILY = 1;
			};
			name = Debug;
		};
		8F50E7452A80A06A00DA6DCD /* Release */ = {
			isa = XCBuildConfiguration;
			buildSettings = {
				ASSETCATALOG_COMPILER_APPICON_NAME = AppIcon;
				ASSETCATALOG_COMPILER_GLOBAL_ACCENT_COLOR_NAME = AccentColor;
				CODE_SIGN_STYLE = Automatic;
				CURRENT_PROJECT_VERSION = 1;
				DEVELOPMENT_TEAM = 62SDS28JUT;
				GENERATE_INFOPLIST_FILE = YES;
				INFOPLIST_FILE = Netflix/Resources/Info.plist;
				INFOPLIST_KEY_UIApplicationSupportsIndirectInputEvents = YES;
				INFOPLIST_KEY_UILaunchStoryboardName = LaunchScreen;
				INFOPLIST_KEY_UISupportedInterfaceOrientations = UIInterfaceOrientationPortrait;
				IPHONEOS_DEPLOYMENT_TARGET = 16.0;
				LD_RUNPATH_SEARCH_PATHS = (
					"$(inherited)",
					"@executable_path/Frameworks",
				);
				MARKETING_VERSION = 1.0;
				PRODUCT_BUNDLE_IDENTIFIER = com.doyeonjeong.Netflix;
				PRODUCT_NAME = "$(TARGET_NAME)";
				SUPPORTED_PLATFORMS = "iphoneos iphonesimulator";
				SUPPORTS_MACCATALYST = NO;
				SUPPORTS_MAC_DESIGNED_FOR_IPHONE_IPAD = NO;
				SWIFT_EMIT_LOC_STRINGS = YES;
				SWIFT_VERSION = 5.0;
				TARGETED_DEVICE_FAMILY = 1;
			};
			name = Release;
		};
/* End XCBuildConfiguration section */

/* Begin XCConfigurationList section */
		8F50E72A2A80A06800DA6DCD /* Build configuration list for PBXProject "Netflix" */ = {
			isa = XCConfigurationList;
			buildConfigurations = (
				8F50E7412A80A06A00DA6DCD /* Debug */,
				8F50E7422A80A06A00DA6DCD /* Release */,
			);
			defaultConfigurationIsVisible = 0;
			defaultConfigurationName = Release;
		};
		8F50E7432A80A06A00DA6DCD /* Build configuration list for PBXNativeTarget "Netflix" */ = {
			isa = XCConfigurationList;
			buildConfigurations = (
				8F50E7442A80A06A00DA6DCD /* Debug */,
				8F50E7452A80A06A00DA6DCD /* Release */,
			);
			defaultConfigurationIsVisible = 0;
			defaultConfigurationName = Release;
		};
/* End XCConfigurationList section */

/* Begin XCRemoteSwiftPackageReference section */
		8F4C5E332A810E5900F10698 /* XCRemoteSwiftPackageReference "lottie-ios" */ = {
			isa = XCRemoteSwiftPackageReference;
			repositoryURL = "https://github.com/airbnb/lottie-ios.git";
			requirement = {
				kind = upToNextMajorVersion;
				minimumVersion = 4.2.0;
			};
		};
/* End XCRemoteSwiftPackageReference section */

/* Begin XCSwiftPackageProductDependency section */
		8F4C5E342A810E5900F10698 /* Lottie */ = {
			isa = XCSwiftPackageProductDependency;
			package = 8F4C5E332A810E5900F10698 /* XCRemoteSwiftPackageReference "lottie-ios" */;
			productName = Lottie;
		};
/* End XCSwiftPackageProductDependency section */
	};
	rootObject = 8F50E7272A80A06800DA6DCD /* Project object */;
}
